
Microsoft Visual Studio Solution File, Format Version 12.00
# Visual Studio Version 16
VisualStudioVersion = 16.0.31129.286
MinimumVisualStudioVersion = 10.0.40219.1
Project("{FAE04EC0-301F-11D3-BF4B-00C04F79EFBC}") = "projetoIntegradorcsharp", "projetoIntegradorcsharp\projetoIntegradorcsharp.csproj", "{66EE096D-89D2-4F26-BC75-33A1EE158803}"
EndProject
Global
	GlobalSection(SolutionConfigurationPlatforms) = preSolution
		Debug|Any CPU = Debug|Any CPU
		Release|Any CPU = Release|Any CPU
	EndGlobalSection
	GlobalSection(ProjectConfigurationPlatforms) = postSolution
		{66EE096D-89D2-4F26-BC75-33A1EE158803}.Debug|Any CPU.ActiveCfg = Debug|Any CPU
		{66EE096D-89D2-4F26-BC75-33A1EE158803}.Debug|Any CPU.Build.0 = Debug|Any CPU
		{66EE096D-89D2-4F26-BC75-33A1EE158803}.Release|Any CPU.ActiveCfg = Release|Any CPU
		{66EE096D-89D2-4F26-BC75-33A1EE158803}.Release|Any CPU.Build.0 = Release|Any CPU
	EndGlobalSection
	GlobalSection(SolutionProperties) = preSolution
		HideSolutionNode = FALSE
	EndGlobalSection
	GlobalSection(ExtensibilityGlobals) = postSolution
		SolutionGuid = {DC6BFC56-20DA-4FD4-BF92-DD0F217BAC1D}
	EndGlobalSection
EndGlobal
